
Microsoft Visual Studio Solution File, Format Version 12.00
# Visual Studio 15
VisualStudioVersion = 15.0.27309.0
MinimumVisualStudioVersion = 10.0.40219.1
Project("{FAE04EC0-301F-11D3-BF4B-00C04F79EFBC}") = "SFMLTest", "sfml\SFMLTest.csproj", "{FC97C392-94A1-4E19-8CED-33A3FE103EAF}"
EndProject
Global
	GlobalSection(SolutionConfigurationPlatforms) = preSolution
		Debug|Any CPU = Debug|Any CPU
		Release|Any CPU = Release|Any CPU
	EndGlobalSection
	GlobalSection(ProjectConfigurationPlatforms) = postSolution
		{FC97C392-94A1-4E19-8CED-33A3FE103EAF}.Debug|Any CPU.ActiveCfg = Debug|Any CPU
		{FC97C392-94A1-4E19-8CED-33A3FE103EAF}.Debug|Any CPU.Build.0 = Debug|Any CPU
		{FC97C392-94A1-4E19-8CED-33A3FE103EAF}.Release|Any CPU.ActiveCfg = Release|Any CPU
		{FC97C392-94A1-4E19-8CED-33A3FE103EAF}.Release|Any CPU.Build.0 = Release|Any CPU
	EndGlobalSection
	GlobalSection(SolutionProperties) = preSolution
		HideSolutionNode = FALSE
	EndGlobalSection
	GlobalSection(ExtensibilityGlobals) = postSolution
		SolutionGuid = {D674046C-D21B-4EAB-894D-124A3B94AD44}
	EndGlobalSection
EndGlobal
